// !$*UTF8*$!
{
	archiveVersion = 1;
	classes = {
	};
	objectVersion = 50;
	objects = {

/* Begin PBXBuildFile section */
		4E49B2B7AA69BCE5514456C0 /* Pods_URLSchemes_Demo.framework in Frameworks */ = {isa = PBXBuildFile; fileRef = D88518F674E0EE3CD5F8EC6C /* Pods_URLSchemes_Demo.framework */; };
		DED4F86520A62B3000C7F7F8 /* AppDelegate.swift in Sources */ = {isa = PBXBuildFile; fileRef = DED4F86420A62B3000C7F7F8 /* AppDelegate.swift */; };
		DED4F86720A62B3000C7F7F8 /* ViewController.swift in Sources */ = {isa = PBXBuildFile; fileRef = DED4F86620A62B3000C7F7F8 /* ViewController.swift */; };
		DED4F86A20A62B3000C7F7F8 /* Main.storyboard in Resources */ = {isa = PBXBuildFile; fileRef = DED4F86820A62B3000C7F7F8 /* Main.storyboard */; };
		DED4F86C20A62B3100C7F7F8 /* Assets.xcassets in Resources */ = {isa = PBXBuildFile; fileRef = DED4F86B20A62B3100C7F7F8 /* Assets.xcassets */; };
		DED4F86F20A62B3100C7F7F8 /* LaunchScreen.storyboard in Resources */ = {isa = PBXBuildFile; fileRef = DED4F86D20A62B3100C7F7F8 /* LaunchScreen.storyboard */; };
/* End PBXBuildFile section */

/* Begin PBXFileReference section */
		CB12D9DE27E7E983AFC1816A /* Pods-URLSchemes-Demo.release.xcconfig */ = {isa = PBXFileReference; includeInIndex = 1; lastKnownFileType = text.xcconfig; name = "Pods-URLSchemes-Demo.release.xcconfig"; path = "Pods/Target Support Files/Pods-URLSchemes-Demo/Pods-URLSchemes-Demo.release.xcconfig"; sourceTree = "<group>"; };
		D88518F674E0EE3CD5F8EC6C /* Pods_URLSchemes_Demo.framework */ = {isa = PBXFileReference; explicitFileType = wrapper.framework; includeInIndex = 0; path = Pods_URLSchemes_Demo.framework; sourceTree = BUILT_PRODUCTS_DIR; };
		DA7F83A651031830DDDC0B45 /* Pods-URLSchemes-Demo.debug.xcconfig */ = {isa = PBXFileReference; includeInIndex = 1; lastKnownFileType = text.xcconfig; name = "Pods-URLSchemes-Demo.debug.xcconfig"; path = "Pods/Target Support Files/Pods-URLSchemes-Demo/Pods-URLSchemes-Demo.debug.xcconfig"; sourceTree = "<group>"; };
		DED4F86120A62B3000C7F7F8 /* URLSchemes-Demo.app */ = {isa = PBXFileReference; explicitFileType = wrapper.application; includeInIndex = 0; path = "URLSchemes-Demo.app"; sourceTree = BUILT_PRODUCTS_DIR; };
		DED4F86420A62B3000C7F7F8 /* AppDelegate.swift */ = {isa = PBXFileReference; lastKnownFileType = sourcecode.swift; path = AppDelegate.swift; sourceTree = "<group>"; };
		DED4F86620A62B3000C7F7F8 /* ViewController.swift */ = {isa = PBXFileReference; lastKnownFileType = sourcecode.swift; path = ViewController.swift; sourceTree = "<group>"; };
		DED4F86920A62B3000C7F7F8 /* Base */ = {isa = PBXFileReference; lastKnownFileType = file.storyboard; name = Base; path = Base.lproj/Main.storyboard; sourceTree = "<group>"; };
		DED4F86B20A62B3100C7F7F8 /* Assets.xcassets */ = {isa = PBXFileReference; lastKnownFileType = folder.assetcatalog; path = Assets.xcassets; sourceTree = "<group>"; };
		DED4F86E20A62B3100C7F7F8 /* Base */ = {isa = PBXFileReference; lastKnownFileType = file.storyboard; name = Base; path = Base.lproj/LaunchScreen.storyboard; sourceTree = "<group>"; };
		DED4F87020A62B3100C7F7F8 /* Info.plist */ = {isa = PBXFileReference; lastKnownFileType = text.plist.xml; path = Info.plist; sourceTree = "<group>"; };
/* End PBXFileReference section */

/* Begin PBXFrameworksBuildPhase section */
		DED4F85E20A62B3000C7F7F8 /* Frameworks */ = {
			isa = PBXFrameworksBuildPhase;
			buildActionMask = 2147483647;
			files = (
				4E49B2B7AA69BCE5514456C0 /* Pods_URLSchemes_Demo.framework in Frameworks */,
			);
			runOnlyForDeploymentPostprocessing = 0;
		};
/* End PBXFrameworksBuildPhase section */

/* Begin PBXGroup section */
		D69D8E9A59D3C5B031600862 /* Frameworks */ = {
			isa = PBXGroup;
			children = (
				D88518F674E0EE3CD5F8EC6C /* Pods_URLSchemes_Demo.framework */,
			);
			name = Frameworks;
			sourceTree = "<group>";
		};
		DED4F85820A62B3000C7F7F8 = {
			isa = PBXGroup;
			children = (
				DED4F86320A62B3000C7F7F8 /* URLSchemes-Demo */,
				DED4F86220A62B3000C7F7F8 /* Products */,
				EF9C910AC18E610B7AA7806D /* Pods */,
				D69D8E9A59D3C5B031600862 /* Frameworks */,
			);
			sourceTree = "<group>";
		};
		DED4F86220A62B3000C7F7F8 /* Products */ = {
			isa = PBXGroup;
			children = (
				DED4F86120A62B3000C7F7F8 /* URLSchemes-Demo.app */,
			);
			name = Products;
			sourceTree = "<group>";
		};
		DED4F86320A62B3000C7F7F8 /* URLSchemes-Demo */ = {
			isa = PBXGroup;
			children = (
				DED4F86420A62B3000C7F7F8 /* AppDelegate.swift */,
				DED4F86620A62B3000C7F7F8 /* ViewController.swift */,
				DED4F86820A62B3000C7F7F8 /* Main.storyboard */,
				DED4F86B20A62B3100C7F7F8 /* Assets.xcassets */,
				DED4F86D20A62B3100C7F7F8 /* LaunchScreen.storyboard */,
				DED4F87020A62B3100C7F7F8 /* Info.plist */,
			);
			path = "URLSchemes-Demo";
			sourceTree = "<group>";
		};
		EF9C910AC18E610B7AA7806D /* Pods */ = {
			isa = PBXGroup;
			children = (
				DA7F83A651031830DDDC0B45 /* Pods-URLSchemes-Demo.debug.xcconfig */,
				CB12D9DE27E7E983AFC1816A /* Pods-URLSchemes-Demo.release.xcconfig */,
			);
			name = Pods;
			sourceTree = "<group>";
		};
/* End PBXGroup section */

/* Begin PBXNativeTarget section */
		DED4F86020A62B3000C7F7F8 /* URLSchemes-Demo */ = {
			isa = PBXNativeTarget;
			buildConfigurationList = DED4F87320A62B3100C7F7F8 /* Build configuration list for PBXNativeTarget "URLSchemes-Demo" */;
			buildPhases = (
				76A3222BAAF183F041909927 /* [CP] Check Pods Manifest.lock */,
				DED4F85D20A62B3000C7F7F8 /* Sources */,
				DED4F85E20A62B3000C7F7F8 /* Frameworks */,
				DED4F85F20A62B3000C7F7F8 /* Resources */,
				4EE189EEC04C49462B7DB968 /* [CP] Embed Pods Frameworks */,
				29DB9621C20397AD08AE83AE /* [CP] Copy Pods Resources */,
			);
			buildRules = (
			);
			dependencies = (
			);
			name = "URLSchemes-Demo";
			productName = "URLSchemes-Demo";
			productReference = DED4F86120A62B3000C7F7F8 /* URLSchemes-Demo.app */;
			productType = "com.apple.product-type.application";
		};
/* End PBXNativeTarget section */

/* Begin PBXProject section */
		DED4F85920A62B3000C7F7F8 /* Project object */ = {
			isa = PBXProject;
			attributes = {
				LastSwiftUpdateCheck = 0930;
				LastUpgradeCheck = 0930;
				ORGANIZATIONNAME = Demo;
				TargetAttributes = {
					DED4F86020A62B3000C7F7F8 = {
						CreatedOnToolsVersion = 9.3;
					};
				};
			};
			buildConfigurationList = DED4F85C20A62B3000C7F7F8 /* Build configuration list for PBXProject "URLSchemes-Demo" */;
			compatibilityVersion = "Xcode 9.3";
			developmentRegion = en;
			hasScannedForEncodings = 0;
			knownRegions = (
				en,
				Base,
			);
			mainGroup = DED4F85820A62B3000C7F7F8;
			productRefGroup = DED4F86220A62B3000C7F7F8 /* Products */;
			projectDirPath = "";
			projectRoot = "";
			targets = (
				DED4F86020A62B3000C7F7F8 /* URLSchemes-Demo */,
			);
		};
/* End PBXProject section */

/* Begin PBXResourcesBuildPhase section */
		DED4F85F20A62B3000C7F7F8 /* Resources */ = {
			isa = PBXResourcesBuildPhase;
			buildActionMask = 2147483647;
			files = (
				DED4F86F20A62B3100C7F7F8 /* LaunchScreen.storyboard in Resources */,
				DED4F86C20A62B3100C7F7F8 /* Assets.xcassets in Resources */,
				DED4F86A20A62B3000C7F7F8 /* Main.storyboard in Resources */,
			);
			runOnlyForDeploymentPostprocessing = 0;
		};
/* End PBXResourcesBuildPhase section */

/* Begin PBXShellScriptBuildPhase section */
		29DB9621C20397AD08AE83AE /* [CP] Copy Pods Resources */ = {
			isa = PBXShellScriptBuildPhase;
			buildActionMask = 2147483647;
			files = (
			);
			inputPaths = (
			);
			name = "[CP] Copy Pods Resources";
			outputPaths = (
			);
			runOnlyForDeploymentPostprocessing = 0;
			shellPath = /bin/sh;
			shellScript = "\"${SRCROOT}/Pods/Target Support Files/Pods-URLSchemes-Demo/Pods-URLSchemes-Demo-resources.sh\"\n";
			showEnvVarsInLog = 0;
		};
		4EE189EEC04C49462B7DB968 /* [CP] Embed Pods Frameworks */ = {
			isa = PBXShellScriptBuildPhase;
			buildActionMask = 2147483647;
			files = (
			);
			inputPaths = (
				"${SRCROOT}/Pods/Target Support Files/Pods-URLSchemes-Demo/Pods-URLSchemes-Demo-frameworks.sh",
				"${BUILT_PRODUCTS_DIR}/JLRoutes/JLRoutes.framework",
			);
			name = "[CP] Embed Pods Frameworks";
			outputPaths = (
				"${TARGET_BUILD_DIR}/${FRAMEWORKS_FOLDER_PATH}/JLRoutes.framework",
			);
			runOnlyForDeploymentPostprocessing = 0;
			shellPath = /bin/sh;
			shellScript = "\"${SRCROOT}/Pods/Target Support Files/Pods-URLSchemes-Demo/Pods-URLSchemes-Demo-frameworks.sh\"\n";
			showEnvVarsInLog = 0;
		};
		76A3222BAAF183F041909927 /* [CP] Check Pods Manifest.lock */ = {
			isa = PBXShellScriptBuildPhase;
			buildActionMask = 2147483647;
			files = (
			);
			inputPaths = (
				"${PODS_PODFILE_DIR_PATH}/Podfile.lock",
				"${PODS_ROOT}/Manifest.lock",
			);
			name = "[CP] Check Pods Manifest.lock";
			outputPaths = (
				"$(DERIVED_FILE_DIR)/Pods-URLSchemes-Demo-checkManifestLockResult.txt",
			);
			runOnlyForDeploymentPostprocessing = 0;
			shellPath = /bin/sh;
			shellScript = "diff \"${PODS_PODFILE_DIR_PATH}/Podfile.lock\" \"${PODS_ROOT}/Manifest.lock\" > /dev/null\nif [ $? != 0 ] ; then\n    # print error to STDERR\n    echo \"error: The sandbox is not in sync with the Podfile.lock. Run 'pod install' or update your CocoaPods installation.\" >&2\n    exit 1\nfi\n# This output is used by Xcode 'outputs' to avoid re-running this script phase.\necho \"SUCCESS\" > \"${SCRIPT_OUTPUT_FILE_0}\"\n";
			showEnvVarsInLog = 0;
		};
/* End PBXShellScriptBuildPhase section */

/* Begin PBXSourcesBuildPhase section */
		DED4F85D20A62B3000C7F7F8 /* Sources */ = {
			isa = PBXSourcesBuildPhase;
			buildActionMask = 2147483647;
			files = (
				DED4F86720A62B3000C7F7F8 /* ViewController.swift in Sources */,
				DED4F86520A62B3000C7F7F8 /* AppDelegate.swift in Sources */,
			);
			runOnlyForDeploymentPostprocessing = 0;
		};
/* End PBXSourcesBuildPhase section */

/* Begin PBXVariantGroup section */
		DED4F86820A62B3000C7F7F8 /* Main.storyboard */ = {
			isa = PBXVariantGroup;
			children = (
				DED4F86920A62B3000C7F7F8 /* Base */,
			);
			name = Main.storyboard;
			sourceTree = "<group>";
		};
		DED4F86D20A62B3100C7F7F8 /* LaunchScreen.storyboard */ = {
			isa = PBXVariantGroup;
			children = (
				DED4F86E20A62B3100C7F7F8 /* Base */,
			);
			name = LaunchScreen.storyboard;
			sourceTree = "<group>";
		};
/* End PBXVariantGroup section */

/* Begin XCBuildConfiguration section */
		DED4F87120A62B3100C7F7F8 /* Debug */ = {
			isa = XCBuildConfiguration;
			buildSettings = {
				ALWAYS_SEARCH_USER_PATHS = NO;
				CLANG_ANALYZER_NONNULL = YES;
				CLANG_ANALYZER_NUMBER_OBJECT_CONVERSION = YES_AGGRESSIVE;
				CLANG_CXX_LANGUAGE_STANDARD = "gnu++14";
				CLANG_CXX_LIBRARY = "libc++";
				CLANG_ENABLE_MODULES = YES;
				CLANG_ENABLE_OBJC_ARC = YES;
				CLANG_ENABLE_OBJC_WEAK = YES;
				CLANG_WARN_BLOCK_CAPTURE_AUTORELEASING = YES;
				CLANG_WARN_BOOL_CONVERSION = YES;
				CLANG_WARN_COMMA = YES;
				CLANG_WARN_CONSTANT_CONVERSION = YES;
				CLANG_WARN_DEPRECATED_OBJC_IMPLEMENTATIONS = YES;
				CLANG_WARN_DIRECT_OBJC_ISA_USAGE = YES_ERROR;
				CLANG_WARN_DOCUMENTATION_COMMENTS = YES;
				CLANG_WARN_EMPTY_BODY = YES;
				CLANG_WARN_ENUM_CONVERSION = YES;
				CLANG_WARN_INFINITE_RECURSION = YES;
				CLANG_WARN_INT_CONVERSION = YES;
				CLANG_WARN_NON_LITERAL_NULL_CONVERSION = YES;
				CLANG_WARN_OBJC_IMPLICIT_RETAIN_SELF = YES;
				CLANG_WARN_OBJC_LITERAL_CONVERSION = YES;
				CLANG_WARN_OBJC_ROOT_CLASS = YES_ERROR;
				CLANG_WARN_RANGE_LOOP_ANALYSIS = YES;
				CLANG_WARN_STRICT_PROTOTYPES = YES;
				CLANG_WARN_SUSPICIOUS_MOVE = YES;
				CLANG_WARN_UNGUARDED_AVAILABILITY = YES_AGGRESSIVE;
				CLANG_WARN_UNREACHABLE_CODE = YES;
				CLANG_WARN__DUPLICATE_METHOD_MATCH = YES;
				CODE_SIGN_IDENTITY = "iPhone Developer";
				COPY_PHASE_STRIP = NO;
				DEBUG_INFORMATION_FORMAT = dwarf;
				ENABLE_STRICT_OBJC_MSGSEND = YES;
				ENABLE_TESTABILITY = YES;
				GCC_C_LANGUAGE_STANDARD = gnu11;
				GCC_DYNAMIC_NO_PIC = NO;
				GCC_NO_COMMON_BLOCKS = YES;
				GCC_OPTIMIZATION_LEVEL = 0;
				GCC_PREPROCESSOR_DEFINITIONS = (
					"DEBUG=1",
					"$(inherited)",
				);
				GCC_WARN_64_TO_32_BIT_CONVERSION = YES;
				GCC_WARN_ABOUT_RETURN_TYPE = YES_ERROR;
				GCC_WARN_UNDECLARED_SELECTOR = YES;
				GCC_WARN_UNINITIALIZED_AUTOS = YES_AGGRESSIVE;
				GCC_WARN_UNUSED_FUNCTION = YES;
				GCC_WARN_UNUSED_VARIABLE = YES;
				IPHONEOS_DEPLOYMENT_TARGET = 11.3;
				MTL_ENABLE_DEBUG_INFO = YES;
				ONLY_ACTIVE_ARCH = YES;
				SDKROOT = iphoneos;
				SWIFT_ACTIVE_COMPILATION_CONDITIONS = DEBUG;
				SWIFT_OPTIMIZATION_LEVEL = "-Onone";
			};
			name = Debug;
		};
		DED4F87220A62B3100C7F7F8 /* Release */ = {
			isa = XCBuildConfiguration;
			buildSettings = {
				ALWAYS_SEARCH_USER_PATHS = NO;
				CLANG_ANALYZER_NONNULL = YES;
				CLANG_ANALYZER_NUMBER_OBJECT_CONVERSION = YES_AGGRESSIVE;
				CLANG_CXX_LANGUAGE_STANDARD = "gnu++14";
				CLANG_CXX_LIBRARY = "libc++";
				CLANG_ENABLE_MODULES = YES;
				CLANG_ENABLE_OBJC_ARC = YES;
				CLANG_ENABLE_OBJC_WEAK = YES;
				CLANG_WARN_BLOCK_CAPTURE_AUTORELEASING = YES;
				CLANG_WARN_BOOL_CONVERSION = YES;
				CLANG_WARN_COMMA = YES;
				CLANG_WARN_CONSTANT_CONVERSION = YES;
				CLANG_WARN_DEPRECATED_OBJC_IMPLEMENTATIONS = YES;
				CLANG_WARN_DIRECT_OBJC_ISA_USAGE = YES_ERROR;
				CLANG_WARN_DOCUMENTATION_COMMENTS = YES;
				CLANG_WARN_EMPTY_BODY = YES;
				CLANG_WARN_ENUM_CONVERSION = YES;
				CLANG_WARN_INFINITE_RECURSION = YES;
				CLANG_WARN_INT_CONVERSION = YES;
				CLANG_WARN_NON_LITERAL_NULL_CONVERSION = YES;
				CLANG_WARN_OBJC_IMPLICIT_RETAIN_SELF = YES;
				CLANG_WARN_OBJC_LITERAL_CONVERSION = YES;
				CLANG_WARN_OBJC_ROOT_CLASS = YES_ERROR;
				CLANG_WARN_RANGE_LOOP_ANALYSIS = YES;
				CLANG_WARN_STRICT_PROTOTYPES = YES;
				CLANG_WARN_SUSPICIOUS_MOVE = YES;
				CLANG_WARN_UNGUARDED_AVAILABILITY = YES_AGGRESSIVE;
				CLANG_WARN_UNREACHABLE_CODE = YES;
				CLANG_WARN__DUPLICATE_METHOD_MATCH = YES;
				CODE_SIGN_IDENTITY = "iPhone Developer";
				COPY_PHASE_STRIP = NO;
				DEBUG_INFORMATION_FORMAT = "dwarf-with-dsym";
				ENABLE_NS_ASSERTIONS = NO;
				ENABLE_STRICT_OBJC_MSGSEND = YES;
				GCC_C_LANGUAGE_STANDARD = gnu11;
				GCC_NO_COMMON_BLOCKS = YES;
				GCC_WARN_64_TO_32_BIT_CONVERSION = YES;
				GCC_WARN_ABOUT_RETURN_TYPE = YES_ERROR;
				GCC_WARN_UNDECLARED_SELECTOR = YES;
				GCC_WARN_UNINITIALIZED_AUTOS = YES_AGGRESSIVE;
				GCC_WARN_UNUSED_FUNCTION = YES;
				GCC_WARN_UNUSED_VARIABLE = YES;
				IPHONEOS_DEPLOYMENT_TARGET = 11.3;
				MTL_ENABLE_DEBUG_INFO = NO;
				SDKROOT = iphoneos;
				SWIFT_COMPILATION_MODE = wholemodule;
				SWIFT_OPTIMIZATION_LEVEL = "-O";
				VALIDATE_PRODUCT = YES;
			};
			name = Release;
		};
		DED4F87420A62B3100C7F7F8 /* Debug */ = {
			isa = XCBuildConfiguration;
			baseConfigurationReference = DA7F83A651031830DDDC0B45 /* Pods-URLSchemes-Demo.debug.xcconfig */;
			buildSettings = {
				ASSETCATALOG_COMPILER_APPICON_NAME = AppIcon;
				CODE_SIGN_STYLE = Manual;
				DEVELOPMENT_TEAM = "";
				INFOPLIST_FILE = "URLSchemes-Demo/Info.plist";
				LD_RUNPATH_SEARCH_PATHS = "$(inherited) @executable_path/Frameworks";
				PRODUCT_BUNDLE_IDENTIFIER = "com.URLSchemes-Demo";
				PRODUCT_NAME = "$(TARGET_NAME)";
				PROVISIONING_PROFILE_SPECIFIER = "";
				SWIFT_VERSION = 4.0;
				TARGETED_DEVICE_FAMILY = "1,2";
			};
			name = Debug;
		};
		DED4F87520A62B3100C7F7F8 /* Release */ = {
			isa = XCBuildConfiguration;
			baseConfigurationReference = CB12D9DE27E7E983AFC1816A /* Pods-URLSchemes-Demo.release.xcconfig */;
			buildSettings = {
				ASSETCATALOG_COMPILER_APPICON_NAME = AppIcon;
				CODE_SIGN_STYLE = Manual;
				DEVELOPMENT_TEAM = "";
				INFOPLIST_FILE = "URLSchemes-Demo/Info.plist";
				LD_RUNPATH_SEARCH_PATHS = "$(inherited) @executable_path/Frameworks";
				PRODUCT_BUNDLE_IDENTIFIER = "com.URLSchemes-Demo";
				PRODUCT_NAME = "$(TARGET_NAME)";
				PROVISIONING_PROFILE_SPECIFIER = "";
				SWIFT_VERSION = 4.0;
				TARGETED_DEVICE_FAMILY = "1,2";
			};
			name = Release;
		};
/* End XCBuildConfiguration section */

/* Begin XCConfigurationList section */
		DED4F85C20A62B3000C7F7F8 /* Build configuration list for PBXProject "URLSchemes-Demo" */ = {
			isa = XCConfigurationList;
			buildConfigurations = (
				DED4F87120A62B3100C7F7F8 /* Debug */,
				DED4F87220A62B3100C7F7F8 /* Release */,
			);
			defaultConfigurationIsVisible = 0;
			defaultConfigurationName = Release;
		};
		DED4F87320A62B3100C7F7F8 /* Build configuration list for PBXNativeTarget "URLSchemes-Demo" */ = {
			isa = XCConfigurationList;
			buildConfigurations = (
				DED4F87420A62B3100C7F7F8 /* Debug */,
				DED4F87520A62B3100C7F7F8 /* Release */,
			);
			defaultConfigurationIsVisible = 0;
			defaultConfigurationName = Release;
		};
/* End XCConfigurationList section */
	};
	rootObject = DED4F85920A62B3000C7F7F8 /* Project object */;
}
